# THIS IS AN AUTOGENERATED FILE. DO NOT EDIT THIS FILE DIRECTLY.
# yarn lockfile v1


"@github/keytar@^7.10.6":
  version "7.10.6"
  resolved "https://registry.yarnpkg.com/@github/keytar/-/keytar-7.10.6.tgz#528f2c9f8c55a58e38ca271288cc59a2d7aec269"
  integrity sha512-mRW6cUsSG+nj4jp5gp8e91zPySaT73r+2JM6VyMZfrEgksjPmjSMr+tPGNOK3HUHV+GUU9B1LAiiYy/wmAnIxA==
  dependencies:
    node-addon-api "^8.3.0"

"@google/gemini-cli@*":
  version "0.46.0"
  resolved "https://registry.yarnpkg.com/@google/gemini-cli/-/gemini-cli-0.46.0.tgz#dd5eb69e39327ca4ac0d57ac4a9aea19a356c89f"
  integrity sha512-+HZtuuDKsL8mvOUWgK08GkrL1BQM4IplaSzxIjAM262FmJFp3Jo/zlHUq9ulRKcvx0agZ4KAzuj7jG9yIAxFBw==
  optionalDependencies:
    "@github/keytar" "^7.10.6"
    "@lydell/node-pty" "1.1.0"
    "@lydell/node-pty-darwin-arm64" "1.1.0"
    "@lydell/node-pty-darwin-x64" "1.1.0"
    "@lydell/node-pty-linux-x64" "1.1.0"
    "@lydell/node-pty-win32-arm64" "1.1.0"
    "@lydell/node-pty-win32-x64" "1.1.0"
    node-pty "^1.0.0"

"@lydell/node-pty-darwin-arm64@1.1.0":
  version "1.1.0"
  resolved "https://registry.yarnpkg.com/@lydell/node-pty-darwin-arm64/-/node-pty-darwin-arm64-1.1.0.tgz#6adaf7eea4c360b99bafbbe3fa8b0673812c3f72"
  integrity sha512-7kFD+owAA61qmhJCtoMbqj3Uvff3YHDiU+4on5F2vQdcMI3MuwGi7dM6MkFG/yuzpw8LF2xULpL71tOPUfxs0w==

"@lydell/node-pty-darwin-x64@1.1.0":
  version "1.1.0"
  resolved "https://registry.yarnpkg.com/@lydell/node-pty-darwin-x64/-/node-pty-darwin-x64-1.1.0.tgz#7013c4d618b2224067e60bd42f45b71a1f06112e"
  integrity sha512-XZdvqj5FjAMjH8bdp0YfaZjur5DrCIDD1VYiE9EkkYVMDQqRUPHYV3U8BVEQVT9hYfjmpr7dNaELF2KyISWSNA==

"@lydell/node-pty-linux-arm64@1.1.0":
  version "1.1.0"
  resolved "https://registry.yarnpkg.com/@lydell/node-pty-linux-arm64/-/node-pty-linux-arm64-1.1.0.tgz#a6f8b063d558bc2f4044ee900aef6a6a6bff22f0"
  integrity sha512-yyDBmalCfHpLiQMT2zyLcqL2Fay4Xy7rIs8GH4dqKLnEviMvPGOK7LADVkKAsbsyXBSISL3Lt1m1MtxhPH6ckg==

"@lydell/node-pty-linux-x64@1.1.0":
  version "1.1.0"
  resolved "https://registry.yarnpkg.com/@lydell/node-pty-linux-x64/-/node-pty-linux-x64-1.1.0.tgz#e2b868aea0f33db9fa2b97a1f7c7e311856a032c"
  integrity sha512-NcNqRTD14QT+vXcEuqSSvmWY+0+WUBn2uRE8EN0zKtDpIEr9d+YiFj16Uqds6QfcLCHfZmC+Ls7YzwTaqDnanA==

"@lydell/node-pty-win32-arm64@1.1.0":
  version "1.1.0"
  resolved "https://registry.yarnpkg.com/@lydell/node-pty-win32-arm64/-/node-pty-win32-arm64-1.1.0.tgz#fde4eda4744b2149d9e347a82c045d729d1223be"
  integrity sha512-JOMbCou+0fA7d/m97faIIfIU0jOv8sn2OR7tI45u3AmldKoKoLP8zHY6SAvDDnI3fccO1R2HeR1doVjpS7HM0w==

"@lydell/node-pty-win32-x64@1.1.0":
  version "1.1.0"
  resolved "https://registry.yarnpkg.com/@lydell/node-pty-win32-x64/-/node-pty-win32-x64-1.1.0.tgz#3eebbe0d4ad2d3d7bcfe04861f16cf234854eb35"
  integrity sha512-3N56BZ+WDFnUMYRtsrr7Ky2mhWGl9xXcyqR6cexfuCqcz9RNWL+KoXRv/nZylY5dYaXkft4JaR1uVu+roiZDAw==

"@lydell/node-pty@1.1.0":
  version "1.1.0"
  resolved "https://registry.yarnpkg.com/@lydell/node-pty/-/node-pty-1.1.0.tgz#a04715b19078692e0dabf5d6e4bff9e75826a22b"
  integrity sha512-VDD8LtlMTOrPKWMXUAcB9+LTktzuunqrMwkYR1DMRBkS6LQrCt+0/Ws1o2rMml/n3guePpS7cxhHF7Nm5K4iMw==
  optionalDependencies:
    "@lydell/node-pty-darwin-arm64" "1.1.0"
    "@lydell/node-pty-darwin-x64" "1.1.0"
    "@lydell/node-pty-linux-arm64" "1.1.0"
    "@lydell/node-pty-linux-x64" "1.1.0"
    "@lydell/node-pty-win32-arm64" "1.1.0"
    "@lydell/node-pty-win32-x64" "1.1.0"

node-addon-api@^7.1.0:
  version "7.1.1"
  resolved "https://registry.yarnpkg.com/node-addon-api/-/node-addon-api-7.1.1.tgz#1aba6693b0f255258a049d621329329322aad558"
  integrity sha512-5m3bsyrjFWE1xf7nz7YXdN4udnVtXK6/Yfgn5qnahL6bCkf2yKt4k3nuTKAtT4r3IG8JNR2ncsIMdZuAzJjHQQ==

node-addon-api@^8.3.0:
  version "8.8.0"
  resolved "https://registry.yarnpkg.com/node-addon-api/-/node-addon-api-8.8.0.tgz#b742be05007b37ebc1741bbaf370d22bf25d208a"
  integrity sha512-c5Ko1fZJIJmzhFIkhRN76WTq+fC6tWnGy9CXA0fA+XygsWZmEwG8vmbkNqxMyoaa0Tin4djul49NzdVcJJcjeA==

node-pty@^1.0.0:
  version "1.1.0"
  resolved "https://registry.yarnpkg.com/node-pty/-/node-pty-1.1.0.tgz#161936d45a47751c2e3b694c365e73017417a887"
  integrity sha512-20JqtutY6JPXTUnL0ij1uad7Qe1baT46lyolh2sSENDd4sTzKZ4nmAFkeAARDKwmlLjPx6XKRlwRUxwjOy+lUg==
  dependencies:
    node-addon-api "^7.1.0"
